<?xml version="1.0" encoding="utf-8"?>
<Project ToolsVersion="4.0" xmlns="http://schemas.microsoft.com/developer/msbuild/2003">
  <ItemGroup>
    <Filter Include="源文件">
      <UniqueIdentifier>{4FC737F1-C7A5-4376-A066-2A32D752A2FF}</UniqueIdentifier>
      <Extensions>cpp;c;cc;cxx;def;odl;idl;hpj;bat;asm;asmx</Extensions>
    </Filter>
    <Filter Include="头文件">
      <UniqueIdentifier>{93995380-89BD-4b04-88EB-625FBE52EBFB}</UniqueIdentifier>
      <Extensions>h;hh;hpp;hxx;hm;inl;inc;xsd</Extensions>
    </Filter>
    <Filter Include="资源文件">
      <UniqueIdentifier>{67DA6AB6-F800-4c08-8B7A-83BB121AAD01}</UniqueIdentifier>
      <Extensions>rc;ico;cur;bmp;dlg;rc2;rct;bin;rgs;gif;jpg;jpeg;jpe;resx;tiff;tif;png;wav;mfcribbon-ms</Extensions>
    </Filter>
  </ItemGroup>
  <ItemGroup>
    <ClCompile Include="src\ux.cpp">
      <Filter>源文件</Filter>
    </ClCompile>
    <ClCompile Include="src\test.cc">
      <Filter>源文件</Filter>
    </ClCompile>
    <ClCompile Include="src\ux_jni.cc">
      <Filter>源文件</Filter>
    </ClCompile>
    <ClCompile Include="src\io\hive.cc">
      <Filter>源文件</Filter>
    </ClCompile>
    <ClCompile Include="src\io\media_pack.cc">
      <Filter>源文件</Filter>
    </ClCompile>
    <ClCompile Include="src\io\connection_udp.cc">
      <Filter>源文件</Filter>
    </ClCompile>
    <ClCompile Include="src\io\json_pack.cc">
      <Filter>源文件</Filter>
    </ClCompile>
    <ClCompile Include="src\io\pack.cc">
      <Filter>源文件</Filter>
    </ClCompile>
    <ClCompile Include="src\io\connection_udp_media.cc">
      <Filter>源文件</Filter>
    </ClCompile>
    <ClCompile Include="src\media\audio_decoder_ff.cpp">
      <Filter>源文件</Filter>
    </ClCompile>
    <ClCompile Include="src\media\video_decoder_ff.cpp">
      <Filter>源文件</Filter>
    </ClCompile>
  </ItemGroup>
  <ItemGroup>
    <ClInclude Include="src\ux.h">
      <Filter>头文件</Filter>
    </ClInclude>
    <ClInclude Include="src\network\MediaPack.h">
      <Filter>头文件</Filter>
    </ClInclude>
    <ClInclude Include="src\io\hive.h">
      <Filter>头文件</Filter>
    </ClInclude>
    <ClInclude Include="src\io\media_pack.h">
      <Filter>头文件</Filter>
    </ClInclude>
    <ClInclude Include="src\io\connection_udp.h">
      <Filter>头文件</Filter>
    </ClInclude>
    <ClInclude Include="src\io\json_pack.h">
      <Filter>头文件</Filter>
    </ClInclude>
    <ClInclude Include="src\io\pack.h">
      <Filter>头文件</Filter>
    </ClInclude>
    <ClInclude Include="src\io\connection_udp_media.h">
      <Filter>头文件</Filter>
    </ClInclude>
    <ClInclude Include="src\media\audio_decoder.h">
      <Filter>头文件</Filter>
    </ClInclude>
    <ClInclude Include="src\media\audio_decoder_ff.h">
      <Filter>头文件</Filter>
    </ClInclude>
    <ClInclude Include="src\media\audio_frame.h">
      <Filter>头文件</Filter>
    </ClInclude>
    <ClInclude Include="src\media\audio_packet.h">
      <Filter>头文件</Filter>
    </ClInclude>
    <ClInclude Include="src\media\av_codec.h">
      <Filter>头文件</Filter>
    </ClInclude>
    <ClInclude Include="src\media\video_decoder.h">
      <Filter>头文件</Filter>
    </ClInclude>
    <ClInclude Include="src\media\video_decoder_ff.h">
      <Filter>头文件</Filter>
    </ClInclude>
    <ClInclude Include="src\media\video_frame.h">
      <Filter>头文件</Filter>
    </ClInclude>
    <ClInclude Include="src\media\video_packet.h">
      <Filter>头文件</Filter>
    </ClInclude>
    <ClInclude Include="src\util\utility.hpp">
      <Filter>头文件</Filter>
    </ClInclude>
    <ClInclude Include="src\util\concurrent_queue.hpp">
      <Filter>头文件</Filter>
    </ClInclude>
    <ClInclude Include="src\util\trace.h">
      <Filter>头文件</Filter>
    </ClInclude>
  </ItemGroup>
  <ItemGroup>
    <Text Include="Android.mk" />
  </ItemGroup>
  <ItemGroup>
    <None Include="Application.mk" />
  </ItemGroup>
</Project>